// !$*UTF8*$!
{
	archiveVersion = 1;
	classes = {
	};
	objectVersion = 50;
	objects = {

/* Begin PBXBuildFile section */
		AF3BE26824AC4B3400F8C1E0 /* AppDelegate.swift in Sources */ = {isa = PBXBuildFile; fileRef = AF3BE26724AC4B3400F8C1E0 /* AppDelegate.swift */; };
		AF3BE26A24AC4B3400F8C1E0 /* ViewController.swift in Sources */ = {isa = PBXBuildFile; fileRef = AF3BE26924AC4B3400F8C1E0 /* ViewController.swift */; };
		AF3BE26D24AC4B3400F8C1E0 /* Main.storyboard in Resources */ = {isa = PBXBuildFile; fileRef = AF3BE26B24AC4B3400F8C1E0 /* Main.storyboard */; };
		AF3BE26F24AC4B3500F8C1E0 /* Assets.xcassets in Resources */ = {isa = PBXBuildFile; fileRef = AF3BE26E24AC4B3500F8C1E0 /* Assets.xcassets */; };
		AF3BE27224AC4B3500F8C1E0 /* LaunchScreen.storyboard in Resources */ = {isa = PBXBuildFile; fileRef = AF3BE27024AC4B3500F8C1E0 /* LaunchScreen.storyboard */; };
		AF3BE27D24AC4B3500F8C1E0 /* HlAquaTests.swift in Sources */ = {isa = PBXBuildFile; fileRef = AF3BE27C24AC4B3500F8C1E0 /* HlAquaTests.swift */; };
		AF3BE28824AC4B3500F8C1E0 /* HlAquaUITests.swift in Sources */ = {isa = PBXBuildFile; fileRef = AF3BE28724AC4B3500F8C1E0 /* HlAquaUITests.swift */; };
		AF3BE29624AC511500F8C1E0 /* LoginViewController.swift in Sources */ = {isa = PBXBuildFile; fileRef = AF3BE29524AC511500F8C1E0 /* LoginViewController.swift */; };
		AF611F7924AC6976005D07B8 /* RegisterViewController.swift in Sources */ = {isa = PBXBuildFile; fileRef = AF611F7824AC6976005D07B8 /* RegisterViewController.swift */; };
/* End PBXBuildFile section */

/* Begin PBXContainerItemProxy section */
		AF3BE27924AC4B3500F8C1E0 /* PBXContainerItemProxy */ = {
			isa = PBXContainerItemProxy;
			containerPortal = AF3BE25C24AC4B3400F8C1E0 /* Project object */;
			proxyType = 1;
			remoteGlobalIDString = AF3BE26324AC4B3400F8C1E0;
			remoteInfo = HlAqua;
		};
		AF3BE28424AC4B3500F8C1E0 /* PBXContainerItemProxy */ = {
			isa = PBXContainerItemProxy;
			containerPortal = AF3BE25C24AC4B3400F8C1E0 /* Project object */;
			proxyType = 1;
			remoteGlobalIDString = AF3BE26324AC4B3400F8C1E0;
			remoteInfo = HlAqua;
		};
/* End PBXContainerItemProxy section */

/* Begin PBXFileReference section */
		AF3BE26424AC4B3400F8C1E0 /* HlAqua.app */ = {isa = PBXFileReference; explicitFileType = wrapper.application; includeInIndex = 0; path = HlAqua.app; sourceTree = BUILT_PRODUCTS_DIR; };
		AF3BE26724AC4B3400F8C1E0 /* AppDelegate.swift */ = {isa = PBXFileReference; lastKnownFileType = sourcecode.swift; path = AppDelegate.swift; sourceTree = "<group>"; };
		AF3BE26924AC4B3400F8C1E0 /* ViewController.swift */ = {isa = PBXFileReference; lastKnownFileType = sourcecode.swift; path = ViewController.swift; sourceTree = "<group>"; };
		AF3BE26C24AC4B3400F8C1E0 /* Base */ = {isa = PBXFileReference; lastKnownFileType = file.storyboard; name = Base; path = Base.lproj/Main.storyboard; sourceTree = "<group>"; };
		AF3BE26E24AC4B3500F8C1E0 /* Assets.xcassets */ = {isa = PBXFileReference; lastKnownFileType = folder.assetcatalog; path = Assets.xcassets; sourceTree = "<group>"; };
		AF3BE27124AC4B3500F8C1E0 /* Base */ = {isa = PBXFileReference; lastKnownFileType = file.storyboard; name = Base; path = Base.lproj/LaunchScreen.storyboard; sourceTree = "<group>"; };
		AF3BE27324AC4B3500F8C1E0 /* Info.plist */ = {isa = PBXFileReference; lastKnownFileType = text.plist.xml; path = Info.plist; sourceTree = "<group>"; };
		AF3BE27824AC4B3500F8C1E0 /* HlAquaTests.xctest */ = {isa = PBXFileReference; explicitFileType = wrapper.cfbundle; includeInIndex = 0; path = HlAquaTests.xctest; sourceTree = BUILT_PRODUCTS_DIR; };
		AF3BE27C24AC4B3500F8C1E0 /* HlAquaTests.swift */ = {isa = PBXFileReference; lastKnownFileType = sourcecode.swift; path = HlAquaTests.swift; sourceTree = "<group>"; };
		AF3BE27E24AC4B3500F8C1E0 /* Info.plist */ = {isa = PBXFileReference; lastKnownFileType = text.plist.xml; path = Info.plist; sourceTree = "<group>"; };
		AF3BE28324AC4B3500F8C1E0 /* HlAquaUITests.xctest */ = {isa = PBXFileReference; explicitFileType = wrapper.cfbundle; includeInIndex = 0; path = HlAquaUITests.xctest; sourceTree = BUILT_PRODUCTS_DIR; };
		AF3BE28724AC4B3500F8C1E0 /* HlAquaUITests.swift */ = {isa = PBXFileReference; lastKnownFileType = sourcecode.swift; path = HlAquaUITests.swift; sourceTree = "<group>"; };
		AF3BE28924AC4B3500F8C1E0 /* Info.plist */ = {isa = PBXFileReference; lastKnownFileType = text.plist.xml; path = Info.plist; sourceTree = "<group>"; };
		AF3BE29524AC511500F8C1E0 /* LoginViewController.swift */ = {isa = PBXFileReference; lastKnownFileType = sourcecode.swift; path = LoginViewController.swift; sourceTree = "<group>"; };
		AF611F7824AC6976005D07B8 /* RegisterViewController.swift */ = {isa = PBXFileReference; lastKnownFileType = sourcecode.swift; path = RegisterViewController.swift; sourceTree = "<group>"; };
/* End PBXFileReference section */

/* Begin PBXFrameworksBuildPhase section */
		AF3BE26124AC4B3400F8C1E0 /* Frameworks */ = {
			isa = PBXFrameworksBuildPhase;
			buildActionMask = 2147483647;
			files = (
			);
			runOnlyForDeploymentPostprocessing = 0;
		};
		AF3BE27524AC4B3500F8C1E0 /* Frameworks */ = {
			isa = PBXFrameworksBuildPhase;
			buildActionMask = 2147483647;
			files = (
			);
			runOnlyForDeploymentPostprocessing = 0;
		};
		AF3BE28024AC4B3500F8C1E0 /* Frameworks */ = {
			isa = PBXFrameworksBuildPhase;
			buildActionMask = 2147483647;
			files = (
			);
			runOnlyForDeploymentPostprocessing = 0;
		};
/* End PBXFrameworksBuildPhase section */

/* Begin PBXGroup section */
		AF3BE25B24AC4B3400F8C1E0 = {
			isa = PBXGroup;
			children = (
				AF3BE26624AC4B3400F8C1E0 /* HlAqua */,
				AF3BE27B24AC4B3500F8C1E0 /* HlAquaTests */,
				AF3BE28624AC4B3500F8C1E0 /* HlAquaUITests */,
				AF3BE26524AC4B3400F8C1E0 /* Products */,
			);
			sourceTree = "<group>";
		};
		AF3BE26524AC4B3400F8C1E0 /* Products */ = {
			isa = PBXGroup;
			children = (
				AF3BE26424AC4B3400F8C1E0 /* HlAqua.app */,
				AF3BE27824AC4B3500F8C1E0 /* HlAquaTests.xctest */,
				AF3BE28324AC4B3500F8C1E0 /* HlAquaUITests.xctest */,
			);
			name = Products;
			sourceTree = "<group>";
		};
		AF3BE26624AC4B3400F8C1E0 /* HlAqua */ = {
			isa = PBXGroup;
			children = (
				AF3BE26724AC4B3400F8C1E0 /* AppDelegate.swift */,
				AF3BE26924AC4B3400F8C1E0 /* ViewController.swift */,
				AF3BE26B24AC4B3400F8C1E0 /* Main.storyboard */,
				AF3BE26E24AC4B3500F8C1E0 /* Assets.xcassets */,
				AF3BE27024AC4B3500F8C1E0 /* LaunchScreen.storyboard */,
				AF3BE27324AC4B3500F8C1E0 /* Info.plist */,
				AF3BE29524AC511500F8C1E0 /* LoginViewController.swift */,
				AF611F7824AC6976005D07B8 /* RegisterViewController.swift */,
			);
			path = HlAqua;
			sourceTree = "<group>";
		};
		AF3BE27B24AC4B3500F8C1E0 /* HlAquaTests */ = {
			isa = PBXGroup;
			children = (
				AF3BE27C24AC4B3500F8C1E0 /* HlAquaTests.swift */,
				AF3BE27E24AC4B3500F8C1E0 /* Info.plist */,
			);
			path = HlAquaTests;
			sourceTree = "<group>";
		};
		AF3BE28624AC4B3500F8C1E0 /* HlAquaUITests */ = {
			isa = PBXGroup;
			children = (
				AF3BE28724AC4B3500F8C1E0 /* HlAquaUITests.swift */,
				AF3BE28924AC4B3500F8C1E0 /* Info.plist */,
			);
			path = HlAquaUITests;
			sourceTree = "<group>";
		};
/* End PBXGroup section */

/* Begin PBXNativeTarget section */
		AF3BE26324AC4B3400F8C1E0 /* HlAqua */ = {
			isa = PBXNativeTarget;
			buildConfigurationList = AF3BE28C24AC4B3500F8C1E0 /* Build configuration list for PBXNativeTarget "HlAqua" */;
			buildPhases = (
				AF3BE26024AC4B3400F8C1E0 /* Sources */,
				AF3BE26124AC4B3400F8C1E0 /* Frameworks */,
				AF3BE26224AC4B3400F8C1E0 /* Resources */,
			);
			buildRules = (
			);
			dependencies = (
			);
			name = HlAqua;
			productName = HlAqua;
			productReference = AF3BE26424AC4B3400F8C1E0 /* HlAqua.app */;
			productType = "com.apple.product-type.application";
		};
		AF3BE27724AC4B3500F8C1E0 /* HlAquaTests */ = {
			isa = PBXNativeTarget;
			buildConfigurationList = AF3BE28F24AC4B3500F8C1E0 /* Build configuration list for PBXNativeTarget "HlAquaTests" */;
			buildPhases = (
				AF3BE27424AC4B3500F8C1E0 /* Sources */,
				AF3BE27524AC4B3500F8C1E0 /* Frameworks */,
				AF3BE27624AC4B3500F8C1E0 /* Resources */,
			);
			buildRules = (
			);
			dependencies = (
				AF3BE27A24AC4B3500F8C1E0 /* PBXTargetDependency */,
			);
			name = HlAquaTests;
			productName = HlAquaTests;
			productReference = AF3BE27824AC4B3500F8C1E0 /* HlAquaTests.xctest */;
			productType = "com.apple.product-type.bundle.unit-test";
		};
		AF3BE28224AC4B3500F8C1E0 /* HlAquaUITests */ = {
			isa = PBXNativeTarget;
			buildConfigurationList = AF3BE29224AC4B3500F8C1E0 /* Build configuration list for PBXNativeTarget "HlAquaUITests" */;
			buildPhases = (
				AF3BE27F24AC4B3500F8C1E0 /* Sources */,
				AF3BE28024AC4B3500F8C1E0 /* Frameworks */,
				AF3BE28124AC4B3500F8C1E0 /* Resources */,
			);
			buildRules = (
			);
			dependencies = (
				AF3BE28524AC4B3500F8C1E0 /* PBXTargetDependency */,
			);
			name = HlAquaUITests;
			productName = HlAquaUITests;
			productReference = AF3BE28324AC4B3500F8C1E0 /* HlAquaUITests.xctest */;
			productType = "com.apple.product-type.bundle.ui-testing";
		};
/* End PBXNativeTarget section */

/* Begin PBXProject section */
		AF3BE25C24AC4B3400F8C1E0 /* Project object */ = {
			isa = PBXProject;
			attributes = {
				LastSwiftUpdateCheck = 1030;
				LastUpgradeCheck = 1030;
				ORGANIZATIONNAME = voice013;
				TargetAttributes = {
					AF3BE26324AC4B3400F8C1E0 = {
						CreatedOnToolsVersion = 10.3;
					};
					AF3BE27724AC4B3500F8C1E0 = {
						CreatedOnToolsVersion = 10.3;
						TestTargetID = AF3BE26324AC4B3400F8C1E0;
					};
					AF3BE28224AC4B3500F8C1E0 = {
						CreatedOnToolsVersion = 10.3;
						TestTargetID = AF3BE26324AC4B3400F8C1E0;
					};
				};
			};
			buildConfigurationList = AF3BE25F24AC4B3400F8C1E0 /* Build configuration list for PBXProject "HlAqua" */;
			compatibilityVersion = "Xcode 9.3";
			developmentRegion = en;
			hasScannedForEncodings = 0;
			knownRegions = (
				en,
				Base,
			);
			mainGroup = AF3BE25B24AC4B3400F8C1E0;
			productRefGroup = AF3BE26524AC4B3400F8C1E0 /* Products */;
			projectDirPath = "";
			projectRoot = "";
			targets = (
				AF3BE26324AC4B3400F8C1E0 /* HlAqua */,
				AF3BE27724AC4B3500F8C1E0 /* HlAquaTests */,
				AF3BE28224AC4B3500F8C1E0 /* HlAquaUITests */,
			);
		};
/* End PBXProject section */

/* Begin PBXResourcesBuildPhase section */
		AF3BE26224AC4B3400F8C1E0 /* Resources */ = {
			isa = PBXResourcesBuildPhase;
			buildActionMask = 2147483647;
			files = (
				AF3BE27224AC4B3500F8C1E0 /* LaunchScreen.storyboard in Resources */,
				AF3BE26F24AC4B3500F8C1E0 /* Assets.xcassets in Resources */,
				AF3BE26D24AC4B3400F8C1E0 /* Main.storyboard in Resources */,
			);
			runOnlyForDeploymentPostprocessing = 0;
		};
		AF3BE27624AC4B3500F8C1E0 /* Resources */ = {
			isa = PBXResourcesBuildPhase;
			buildActionMask = 2147483647;
			files = (
			);
			runOnlyForDeploymentPostprocessing = 0;
		};
		AF3BE28124AC4B3500F8C1E0 /* Resources */ = {
			isa = PBXResourcesBuildPhase;
			buildActionMask = 2147483647;
			files = (
			);
			runOnlyForDeploymentPostprocessing = 0;
		};
/* End PBXResourcesBuildPhase section */

/* Begin PBXSourcesBuildPhase section */
		AF3BE26024AC4B3400F8C1E0 /* Sources */ = {
			isa = PBXSourcesBuildPhase;
			buildActionMask = 2147483647;
			files = (
				AF3BE29624AC511500F8C1E0 /* LoginViewController.swift in Sources */,
				AF3BE26A24AC4B3400F8C1E0 /* ViewController.swift in Sources */,
				AF3BE26824AC4B3400F8C1E0 /* AppDelegate.swift in Sources */,
				AF611F7924AC6976005D07B8 /* RegisterViewController.swift in Sources */,
			);
			runOnlyForDeploymentPostprocessing = 0;
		};
		AF3BE27424AC4B3500F8C1E0 /* Sources */ = {
			isa = PBXSourcesBuildPhase;
			buildActionMask = 2147483647;
			files = (
				AF3BE27D24AC4B3500F8C1E0 /* HlAquaTests.swift in Sources */,
			);
			runOnlyForDeploymentPostprocessing = 0;
		};
		AF3BE27F24AC4B3500F8C1E0 /* Sources */ = {
			isa = PBXSourcesBuildPhase;
			buildActionMask = 2147483647;
			files = (
				AF3BE28824AC4B3500F8C1E0 /* HlAquaUITests.swift in Sources */,
			);
			runOnlyForDeploymentPostprocessing = 0;
		};
/* End PBXSourcesBuildPhase section */

/* Begin PBXTargetDependency section */
		AF3BE27A24AC4B3500F8C1E0 /* PBXTargetDependency */ = {
			isa = PBXTargetDependency;
			target = AF3BE26324AC4B3400F8C1E0 /* HlAqua */;
			targetProxy = AF3BE27924AC4B3500F8C1E0 /* PBXContainerItemProxy */;
		};
		AF3BE28524AC4B3500F8C1E0 /* PBXTargetDependency */ = {
			isa = PBXTargetDependency;
			target = AF3BE26324AC4B3400F8C1E0 /* HlAqua */;
			targetProxy = AF3BE28424AC4B3500F8C1E0 /* PBXContainerItemProxy */;
		};
/* End PBXTargetDependency section */

/* Begin PBXVariantGroup section */
		AF3BE26B24AC4B3400F8C1E0 /* Main.storyboard */ = {
			isa = PBXVariantGroup;
			children = (
				AF3BE26C24AC4B3400F8C1E0 /* Base */,
			);
			name = Main.storyboard;
			sourceTree = "<group>";
		};
		AF3BE27024AC4B3500F8C1E0 /* LaunchScreen.storyboard */ = {
			isa = PBXVariantGroup;
			children = (
				AF3BE27124AC4B3500F8C1E0 /* Base */,
			);
			name = LaunchScreen.storyboard;
			sourceTree = "<group>";
		};
/* End PBXVariantGroup section */

/* Begin XCBuildConfiguration section */
		AF3BE28A24AC4B3500F8C1E0 /* Debug */ = {
			isa = XCBuildConfiguration;
			buildSettings = {
				ALWAYS_SEARCH_USER_PATHS = NO;
				CLANG_ANALYZER_NONNULL = YES;
				CLANG_ANALYZER_NUMBER_OBJECT_CONVERSION = YES_AGGRESSIVE;
				CLANG_CXX_LANGUAGE_STANDARD = "gnu++14";
				CLANG_CXX_LIBRARY = "libc++";
				CLANG_ENABLE_MODULES = YES;
				CLANG_ENABLE_OBJC_ARC = YES;
				CLANG_ENABLE_OBJC_WEAK = YES;
				CLANG_WARN_BLOCK_CAPTURE_AUTORELEASING = YES;
				CLANG_WARN_BOOL_CONVERSION = YES;
				CLANG_WARN_COMMA = YES;
				CLANG_WARN_CONSTANT_CONVERSION = YES;
				CLANG_WARN_DEPRECATED_OBJC_IMPLEMENTATIONS = YES;
				CLANG_WARN_DIRECT_OBJC_ISA_USAGE = YES_ERROR;
				CLANG_WARN_DOCUMENTATION_COMMENTS = YES;
				CLANG_WARN_EMPTY_BODY = YES;
				CLANG_WARN_ENUM_CONVERSION = YES;
				CLANG_WARN_INFINITE_RECURSION = YES;
				CLANG_WARN_INT_CONVERSION = YES;
				CLANG_WARN_NON_LITERAL_NULL_CONVERSION = YES;
				CLANG_WARN_OBJC_IMPLICIT_RETAIN_SELF = YES;
				CLANG_WARN_OBJC_LITERAL_CONVERSION = YES;
				CLANG_WARN_OBJC_ROOT_CLASS = YES_ERROR;
				CLANG_WARN_RANGE_LOOP_ANALYSIS = YES;
				CLANG_WARN_STRICT_PROTOTYPES = YES;
				CLANG_WARN_SUSPICIOUS_MOVE = YES;
				CLANG_WARN_UNGUARDED_AVAILABILITY = YES_AGGRESSIVE;
				CLANG_WARN_UNREACHABLE_CODE = YES;
				CLANG_WARN__DUPLICATE_METHOD_MATCH = YES;
				CODE_SIGN_IDENTITY = "iPhone Developer";
				COPY_PHASE_STRIP = NO;
				DEBUG_INFORMATION_FORMAT = dwarf;
				ENABLE_STRICT_OBJC_MSGSEND = YES;
				ENABLE_TESTABILITY = YES;
				GCC_C_LANGUAGE_STANDARD = gnu11;
				GCC_DYNAMIC_NO_PIC = NO;
				GCC_NO_COMMON_BLOCKS = YES;
				GCC_OPTIMIZATION_LEVEL = 0;
				GCC_PREPROCESSOR_DEFINITIONS = (
					"DEBUG=1",
					"$(inherited)",
				);
				GCC_WARN_64_TO_32_BIT_CONVERSION = YES;
				GCC_WARN_ABOUT_RETURN_TYPE = YES_ERROR;
				GCC_WARN_UNDECLARED_SELECTOR = YES;
				GCC_WARN_UNINITIALIZED_AUTOS = YES_AGGRESSIVE;
				GCC_WARN_UNUSED_FUNCTION = YES;
				GCC_WARN_UNUSED_VARIABLE = YES;
				IPHONEOS_DEPLOYMENT_TARGET = 12.4;
				MTL_ENABLE_DEBUG_INFO = INCLUDE_SOURCE;
				MTL_FAST_MATH = YES;
				ONLY_ACTIVE_ARCH = YES;
				SDKROOT = iphoneos;
				SWIFT_ACTIVE_COMPILATION_CONDITIONS = DEBUG;
				SWIFT_OPTIMIZATION_LEVEL = "-Onone";
			};
			name = Debug;
		};
		AF3BE28B24AC4B3500F8C1E0 /* Release */ = {
			isa = XCBuildConfiguration;
			buildSettings = {
				ALWAYS_SEARCH_USER_PATHS = NO;
				CLANG_ANALYZER_NONNULL = YES;
				CLANG_ANALYZER_NUMBER_OBJECT_CONVERSION = YES_AGGRESSIVE;
				CLANG_CXX_LANGUAGE_STANDARD = "gnu++14";
				CLANG_CXX_LIBRARY = "libc++";
				CLANG_ENABLE_MODULES = YES;
				CLANG_ENABLE_OBJC_ARC = YES;
				CLANG_ENABLE_OBJC_WEAK = YES;
				CLANG_WARN_BLOCK_CAPTURE_AUTORELEASING = YES;
				CLANG_WARN_BOOL_CONVERSION = YES;
				CLANG_WARN_COMMA = YES;
				CLANG_WARN_CONSTANT_CONVERSION = YES;
				CLANG_WARN_DEPRECATED_OBJC_IMPLEMENTATIONS = YES;
				CLANG_WARN_DIRECT_OBJC_ISA_USAGE = YES_ERROR;
				CLANG_WARN_DOCUMENTATION_COMMENTS = YES;
				CLANG_WARN_EMPTY_BODY = YES;
				CLANG_WARN_ENUM_CONVERSION = YES;
				CLANG_WARN_INFINITE_RECURSION = YES;
				CLANG_WARN_INT_CONVERSION = YES;
				CLANG_WARN_NON_LITERAL_NULL_CONVERSION = YES;
				CLANG_WARN_OBJC_IMPLICIT_RETAIN_SELF = YES;
				CLANG_WARN_OBJC_LITERAL_CONVERSION = YES;
				CLANG_WARN_OBJC_ROOT_CLASS = YES_ERROR;
				CLANG_WARN_RANGE_LOOP_ANALYSIS = YES;
				CLANG_WARN_STRICT_PROTOTYPES = YES;
				CLANG_WARN_SUSPICIOUS_MOVE = YES;
				CLANG_WARN_UNGUARDED_AVAILABILITY = YES_AGGRESSIVE;
				CLANG_WARN_UNREACHABLE_CODE = YES;
				CLANG_WARN__DUPLICATE_METHOD_MATCH = YES;
				CODE_SIGN_IDENTITY = "iPhone Developer";
				COPY_PHASE_STRIP = NO;
				DEBUG_INFORMATION_FORMAT = "dwarf-with-dsym";
				ENABLE_NS_ASSERTIONS = NO;
				ENABLE_STRICT_OBJC_MSGSEND = YES;
				GCC_C_LANGUAGE_STANDARD = gnu11;
				GCC_NO_COMMON_BLOCKS = YES;
				GCC_WARN_64_TO_32_BIT_CONVERSION = YES;
				GCC_WARN_ABOUT_RETURN_TYPE = YES_ERROR;
				GCC_WARN_UNDECLARED_SELECTOR = YES;
				GCC_WARN_UNINITIALIZED_AUTOS = YES_AGGRESSIVE;
				GCC_WARN_UNUSED_FUNCTION = YES;
				GCC_WARN_UNUSED_VARIABLE = YES;
				IPHONEOS_DEPLOYMENT_TARGET = 12.4;
				MTL_ENABLE_DEBUG_INFO = NO;
				MTL_FAST_MATH = YES;
				SDKROOT = iphoneos;
				SWIFT_COMPILATION_MODE = wholemodule;
				SWIFT_OPTIMIZATION_LEVEL = "-O";
				VALIDATE_PRODUCT = YES;
			};
			name = Release;
		};
		AF3BE28D24AC4B3500F8C1E0 /* Debug */ = {
			isa = XCBuildConfiguration;
			buildSettings = {
				ASSETCATALOG_COMPILER_APPICON_NAME = AppIcon;
				CODE_SIGN_STYLE = Automatic;
				DEVELOPMENT_TEAM = 7GRBX2U6F5;
				INFOPLIST_FILE = HlAqua/Info.plist;
				LD_RUNPATH_SEARCH_PATHS = (
					"$(inherited)",
					"@executable_path/Frameworks",
				);
				PRODUCT_BUNDLE_IDENTIFIER = net.HLAqua.HlAqua;
				PRODUCT_NAME = "$(TARGET_NAME)";
				SWIFT_VERSION = 5.0;
				TARGETED_DEVICE_FAMILY = "1,2";
			};
			name = Debug;
		};
		AF3BE28E24AC4B3500F8C1E0 /* Release */ = {
			isa = XCBuildConfiguration;
			buildSettings = {
				ASSETCATALOG_COMPILER_APPICON_NAME = AppIcon;
				CODE_SIGN_STYLE = Automatic;
				DEVELOPMENT_TEAM = 7GRBX2U6F5;
				INFOPLIST_FILE = HlAqua/Info.plist;
				LD_RUNPATH_SEARCH_PATHS = (
					"$(inherited)",
					"@executable_path/Frameworks",
				);
				PRODUCT_BUNDLE_IDENTIFIER = net.HLAqua.HlAqua;
				PRODUCT_NAME = "$(TARGET_NAME)";
				SWIFT_VERSION = 5.0;
				TARGETED_DEVICE_FAMILY = "1,2";
			};
			name = Release;
		};
		AF3BE29024AC4B3500F8C1E0 /* Debug */ = {
			isa = XCBuildConfiguration;
			buildSettings = {
				ALWAYS_EMBED_SWIFT_STANDARD_LIBRARIES = YES;
				BUNDLE_LOADER = "$(TEST_HOST)";
				CODE_SIGN_STYLE = Automatic;
				DEVELOPMENT_TEAM = 7GRBX2U6F5;
				INFOPLIST_FILE = HlAquaTests/Info.plist;
				LD_RUNPATH_SEARCH_PATHS = (
					"$(inherited)",
					"@executable_path/Frameworks",
					"@loader_path/Frameworks",
				);
				PRODUCT_BUNDLE_IDENTIFIER = net.HLAqua.HlAquaTests;
				PRODUCT_NAME = "$(TARGET_NAME)";
				SWIFT_VERSION = 5.0;
				TARGETED_DEVICE_FAMILY = "1,2";
				TEST_HOST = "$(BUILT_PRODUCTS_DIR)/HlAqua.app/HlAqua";
			};
			name = Debug;
		};
		AF3BE29124AC4B3500F8C1E0 /* Release */ = {
			isa = XCBuildConfiguration;
			buildSettings = {
				ALWAYS_EMBED_SWIFT_STANDARD_LIBRARIES = YES;
				BUNDLE_LOADER = "$(TEST_HOST)";
				CODE_SIGN_STYLE = Automatic;
				DEVELOPMENT_TEAM = 7GRBX2U6F5;
				INFOPLIST_FILE = HlAquaTests/Info.plist;
				LD_RUNPATH_SEARCH_PATHS = (
					"$(inherited)",
					"@executable_path/Frameworks",
					"@loader_path/Frameworks",
				);
				PRODUCT_BUNDLE_IDENTIFIER = net.HLAqua.HlAquaTests;
				PRODUCT_NAME = "$(TARGET_NAME)";
				SWIFT_VERSION = 5.0;
				TARGETED_DEVICE_FAMILY = "1,2";
				TEST_HOST = "$(BUILT_PRODUCTS_DIR)/HlAqua.app/HlAqua";
			};
			name = Release;
		};
		AF3BE29324AC4B3500F8C1E0 /* Debug */ = {
			isa = XCBuildConfiguration;
			buildSettings = {
				ALWAYS_EMBED_SWIFT_STANDARD_LIBRARIES = YES;
				CODE_SIGN_STYLE = Automatic;
				DEVELOPMENT_TEAM = 7GRBX2U6F5;
				INFOPLIST_FILE = HlAquaUITests/Info.plist;
				LD_RUNPATH_SEARCH_PATHS = (
					"$(inherited)",
					"@executable_path/Frameworks",
					"@loader_path/Frameworks",
				);
				PRODUCT_BUNDLE_IDENTIFIER = net.HLAqua.HlAquaUITests;
				PRODUCT_NAME = "$(TARGET_NAME)";
				SWIFT_VERSION = 5.0;
				TARGETED_DEVICE_FAMILY = "1,2";
				TEST_TARGET_NAME = HlAqua;
			};
			name = Debug;
		};
		AF3BE29424AC4B3500F8C1E0 /* Release */ = {
			isa = XCBuildConfiguration;
			buildSettings = {
				ALWAYS_EMBED_SWIFT_STANDARD_LIBRARIES = YES;
				CODE_SIGN_STYLE = Automatic;
				DEVELOPMENT_TEAM = 7GRBX2U6F5;
				INFOPLIST_FILE = HlAquaUITests/Info.plist;
				LD_RUNPATH_SEARCH_PATHS = (
					"$(inherited)",
					"@executable_path/Frameworks",
					"@loader_path/Frameworks",
				);
				PRODUCT_BUNDLE_IDENTIFIER = net.HLAqua.HlAquaUITests;
				PRODUCT_NAME = "$(TARGET_NAME)";
				SWIFT_VERSION = 5.0;
				TARGETED_DEVICE_FAMILY = "1,2";
				TEST_TARGET_NAME = HlAqua;
			};
			name = Release;
		};
/* End XCBuildConfiguration section */

/* Begin XCConfigurationList section */
		AF3BE25F24AC4B3400F8C1E0 /* Build configuration list for PBXProject "HlAqua" */ = {
			isa = XCConfigurationList;
			buildConfigurations = (
				AF3BE28A24AC4B3500F8C1E0 /* Debug */,
				AF3BE28B24AC4B3500F8C1E0 /* Release */,
			);
			defaultConfigurationIsVisible = 0;
			defaultConfigurationName = Release;
		};
		AF3BE28C24AC4B3500F8C1E0 /* Build configuration list for PBXNativeTarget "HlAqua" */ = {
			isa = XCConfigurationList;
			buildConfigurations = (
				AF3BE28D24AC4B3500F8C1E0 /* Debug */,
				AF3BE28E24AC4B3500F8C1E0 /* Release */,
			);
			defaultConfigurationIsVisible = 0;
			defaultConfigurationName = Release;
		};
		AF3BE28F24AC4B3500F8C1E0 /* Build configuration list for PBXNativeTarget "HlAquaTests" */ = {
			isa = XCConfigurationList;
			buildConfigurations = (
				AF3BE29024AC4B3500F8C1E0 /* Debug */,
				AF3BE29124AC4B3500F8C1E0 /* Release */,
			);
			defaultConfigurationIsVisible = 0;
			defaultConfigurationName = Release;
		};
		AF3BE29224AC4B3500F8C1E0 /* Build configuration list for PBXNativeTarget "HlAquaUITests" */ = {
			isa = XCConfigurationList;
			buildConfigurations = (
				AF3BE29324AC4B3500F8C1E0 /* Debug */,
				AF3BE29424AC4B3500F8C1E0 /* Release */,
			);
			defaultConfigurationIsVisible = 0;
			defaultConfigurationName = Release;
		};
/* End XCConfigurationList section */
	};
	rootObject = AF3BE25C24AC4B3400F8C1E0 /* Project object */;
}
